
Microsoft Visual Studio Solution File, Format Version 12.00
# Visual Studio 15
VisualStudioVersion = 15.0.28307.1231
MinimumVisualStudioVersion = 10.0.40219.1
Project("{9A19103F-16F7-4668-BE54-9A1E7A4F7556}") = "Database.SQLite", "..\Database.SQLite\Database.SQLite.csproj", "{625604B9-4920-4901-9419-61F3AF9D8FAA}"
EndProject
Project("{9A19103F-16F7-4668-BE54-9A1E7A4F7556}") = "Database", "Database\Database.csproj", "{BE840B1B-C004-41F5-AA4B-B2DBF94E555D}"
EndProject
Project("{9A19103F-16F7-4668-BE54-9A1E7A4F7556}") = "poc", "MainConsole\poc.csproj", "{EC3CCE83-016F-46FB-9BCE-82064500AAF1}"
EndProject
Global
	GlobalSection(SolutionConfigurationPlatforms) = preSolution
		Debug|Any CPU = Debug|Any CPU
		Release|Any CPU = Release|Any CPU
	EndGlobalSection
	GlobalSection(ProjectConfigurationPlatforms) = postSolution
		{625604B9-4920-4901-9419-61F3AF9D8FAA}.Debug|Any CPU.ActiveCfg = Debug|Any CPU
		{625604B9-4920-4901-9419-61F3AF9D8FAA}.Debug|Any CPU.Build.0 = Debug|Any CPU
		{625604B9-4920-4901-9419-61F3AF9D8FAA}.Release|Any CPU.ActiveCfg = Release|Any CPU
		{625604B9-4920-4901-9419-61F3AF9D8FAA}.Release|Any CPU.Build.0 = Release|Any CPU
		{BE840B1B-C004-41F5-AA4B-B2DBF94E555D}.Debug|Any CPU.ActiveCfg = Debug|Any CPU
		{BE840B1B-C004-41F5-AA4B-B2DBF94E555D}.Debug|Any CPU.Build.0 = Debug|Any CPU
		{BE840B1B-C004-41F5-AA4B-B2DBF94E555D}.Release|Any CPU.ActiveCfg = Release|Any CPU
		{BE840B1B-C004-41F5-AA4B-B2DBF94E555D}.Release|Any CPU.Build.0 = Release|Any CPU
		{EC3CCE83-016F-46FB-9BCE-82064500AAF1}.Debug|Any CPU.ActiveCfg = Debug|Any CPU
		{EC3CCE83-016F-46FB-9BCE-82064500AAF1}.Debug|Any CPU.Build.0 = Debug|Any CPU
		{EC3CCE83-016F-46FB-9BCE-82064500AAF1}.Release|Any CPU.ActiveCfg = Release|Any CPU
		{EC3CCE83-016F-46FB-9BCE-82064500AAF1}.Release|Any CPU.Build.0 = Release|Any CPU
	EndGlobalSection
	GlobalSection(SolutionProperties) = preSolution
		HideSolutionNode = FALSE
	EndGlobalSection
	GlobalSection(ExtensibilityGlobals) = postSolution
		SolutionGuid = {AD5E17C5-F9CA-4534-B89B-09BBA794B26A}
	EndGlobalSection
EndGlobal
